
Microsoft Visual Studio Solution File, Format Version 12.00
# Visual Studio 15
VisualStudioVersion = 15.0.27130.2010
MinimumVisualStudioVersion = 10.0.40219.1
Project("{FAE04EC0-301F-11D3-BF4B-00C04F79EFBC}") = "MyEcom.Admin", "MyEcommerce\MyEcom.Admin.csproj", "{6BF28DE6-1A68-40BB-A13D-1E62EA2B9E9A}"
EndProject
Project("{FAE04EC0-301F-11D3-BF4B-00C04F79EFBC}") = "MyEcom.Core", "MyEcom.Core\MyEcom.Core.csproj", "{93D14480-5D4B-4EDF-A277-56283F362190}"
EndProject
Project("{FAE04EC0-301F-11D3-BF4B-00C04F79EFBC}") = "MyEcom.Domain", "MyEcom.Domain\MyEcom.Domain.csproj", "{6344EF00-565B-4A68-BAF3-0F368231D8F4}"
EndProject
Project("{FAE04EC0-301F-11D3-BF4B-00C04F79EFBC}") = "MyEcom.Common", "MyEcom.Common\MyEcom.Common.csproj", "{70EFD318-2C7A-4AF5-85E7-069727DECB45}"
EndProject
Project("{FAE04EC0-301F-11D3-BF4B-00C04F79EFBC}") = "MyEcom.UserInterface", "MyEcom.UserInterface\MyEcom.UserInterface.csproj", "{8E8A6A9D-1FB9-4A0C-B13A-35A6E96ECE81}"
EndProject
Global
	GlobalSection(SolutionConfigurationPlatforms) = preSolution
		Debug|Any CPU = Debug|Any CPU
		Release|Any CPU = Release|Any CPU
	EndGlobalSection
	GlobalSection(ProjectConfigurationPlatforms) = postSolution
		{6BF28DE6-1A68-40BB-A13D-1E62EA2B9E9A}.Debug|Any CPU.ActiveCfg = Debug|Any CPU
		{6BF28DE6-1A68-40BB-A13D-1E62EA2B9E9A}.Debug|Any CPU.Build.0 = Debug|Any CPU
		{6BF28DE6-1A68-40BB-A13D-1E62EA2B9E9A}.Release|Any CPU.ActiveCfg = Release|Any CPU
		{6BF28DE6-1A68-40BB-A13D-1E62EA2B9E9A}.Release|Any CPU.Build.0 = Release|Any CPU
		{93D14480-5D4B-4EDF-A277-56283F362190}.Debug|Any CPU.ActiveCfg = Debug|Any CPU
		{93D14480-5D4B-4EDF-A277-56283F362190}.Debug|Any CPU.Build.0 = Debug|Any CPU
		{93D14480-5D4B-4EDF-A277-56283F362190}.Release|Any CPU.ActiveCfg = Release|Any CPU
		{93D14480-5D4B-4EDF-A277-56283F362190}.Release|Any CPU.Build.0 = Release|Any CPU
		{6344EF00-565B-4A68-BAF3-0F368231D8F4}.Debug|Any CPU.ActiveCfg = Debug|Any CPU
		{6344EF00-565B-4A68-BAF3-0F368231D8F4}.Debug|Any CPU.Build.0 = Debug|Any CPU
		{6344EF00-565B-4A68-BAF3-0F368231D8F4}.Release|Any CPU.ActiveCfg = Release|Any CPU
		{6344EF00-565B-4A68-BAF3-0F368231D8F4}.Release|Any CPU.Build.0 = Release|Any CPU
		{70EFD318-2C7A-4AF5-85E7-069727DECB45}.Debug|Any CPU.ActiveCfg = Debug|Any CPU
		{70EFD318-2C7A-4AF5-85E7-069727DECB45}.Debug|Any CPU.Build.0 = Debug|Any CPU
		{70EFD318-2C7A-4AF5-85E7-069727DECB45}.Release|Any CPU.ActiveCfg = Release|Any CPU
		{70EFD318-2C7A-4AF5-85E7-069727DECB45}.Release|Any CPU.Build.0 = Release|Any CPU
		{8E8A6A9D-1FB9-4A0C-B13A-35A6E96ECE81}.Debug|Any CPU.ActiveCfg = Debug|Any CPU
		{8E8A6A9D-1FB9-4A0C-B13A-35A6E96ECE81}.Debug|Any CPU.Build.0 = Debug|Any CPU
		{8E8A6A9D-1FB9-4A0C-B13A-35A6E96ECE81}.Release|Any CPU.ActiveCfg = Release|Any CPU
		{8E8A6A9D-1FB9-4A0C-B13A-35A6E96ECE81}.Release|Any CPU.Build.0 = Release|Any CPU
	EndGlobalSection
	GlobalSection(SolutionProperties) = preSolution
		HideSolutionNode = FALSE
	EndGlobalSection
	GlobalSection(ExtensibilityGlobals) = postSolution
		SolutionGuid = {571F427F-26DF-4975-9A48-8C9D3D524CBA}
	EndGlobalSection
EndGlobal
